
Microsoft Visual Studio Solution File, Format Version 12.00
# Visual Studio Version 17
VisualStudioVersion = 17.10.35122.118
MinimumVisualStudioVersion = 10.0.40219.1
Project("{9A19103F-16F7-4668-BE54-9A1E7A4F7556}") = "SampleUpdater", "SampleUpdater\SampleUpdater.csproj", "{26EBC971-4128-4807-B5E7-4C9CDDFF1E20}"
EndProject
Global
	GlobalSection(SolutionConfigurationPlatforms) = preSolution
		Debug|Any CPU = Debug|Any CPU
		Release|Any CPU = Release|Any CPU
	EndGlobalSection
	GlobalSection(ProjectConfigurationPlatforms) = postSolution
		{26EBC971-4128-4807-B5E7-4C9CDDFF1E20}.Debug|Any CPU.ActiveCfg = Debug|Any CPU
		{26EBC971-4128-4807-B5E7-4C9CDDFF1E20}.Debug|Any CPU.Build.0 = Debug|Any CPU
		{26EBC971-4128-4807-B5E7-4C9CDDFF1E20}.Release|Any CPU.ActiveCfg = Release|Any CPU
		{26EBC971-4128-4807-B5E7-4C9CDDFF1E20}.Release|Any CPU.Build.0 = Release|Any CPU
	EndGlobalSection
	GlobalSection(SolutionProperties) = preSolution
		HideSolutionNode = FALSE
	EndGlobalSection
	GlobalSection(ExtensibilityGlobals) = postSolution
		SolutionGuid = {6EB6C793-7756-43E7-B4CF-1B446E4E35CD}
	EndGlobalSection
EndGlobal
